
Microsoft Visual Studio Solution File, Format Version 12.00
# Visual Studio Version 16
VisualStudioVersion = 16.0.31019.35
MinimumVisualStudioVersion = 10.0.40219.1
Project("{FAE04EC0-301F-11D3-BF4B-00C04F79EFBC}") = "CustomChartLibrary", "CustomChartLibrary\CustomChartLibrary.csproj", "{C63425F0-1909-42D2-9303-7E829C1850E5}"
EndProject
Global
	GlobalSection(SolutionConfigurationPlatforms) = preSolution
		Debug|Any CPU = Debug|Any CPU
		Release|Any CPU = Release|Any CPU
	EndGlobalSection
	GlobalSection(ProjectConfigurationPlatforms) = postSolution
		{C63425F0-1909-42D2-9303-7E829C1850E5}.Debug|Any CPU.ActiveCfg = Debug|Any CPU
		{C63425F0-1909-42D2-9303-7E829C1850E5}.Debug|Any CPU.Build.0 = Debug|Any CPU
		{C63425F0-1909-42D2-9303-7E829C1850E5}.Release|Any CPU.ActiveCfg = Release|Any CPU
		{C63425F0-1909-42D2-9303-7E829C1850E5}.Release|Any CPU.Build.0 = Release|Any CPU
	EndGlobalSection
	GlobalSection(SolutionProperties) = preSolution
		HideSolutionNode = FALSE
	EndGlobalSection
	GlobalSection(ExtensibilityGlobals) = postSolution
		SolutionGuid = {563445B7-3296-469A-8414-AD30E8FD1658}
	EndGlobalSection
EndGlobal
